<?xml version="1.0" encoding="utf-8"?>
<Project ToolsVersion="4.0" xmlns="http://schemas.microsoft.com/developer/msbuild/2003">
  <ItemGroup>
    <ClCompile Include="src\BasicMeshShape.cpp" />
    <ClCompile Include="src\AudioEngine.cpp" />
    <ClCompile Include="src\CameraComponent.cpp" />
    <ClCompile Include="src\Collider.cpp" />
    <ClCompile Include="src\CollisionComponent.cpp" />
    <ClCompile Include="src\CollisionManager.cpp" />
    <ClCompile Include="src\DragComponent.cpp" />
    <ClCompile Include="src\EventTest.cpp" />
    <ClCompile Include="src\GameObject.cpp" />
    <ClCompile Include="src\GameStateManager.cpp" />
    <ClCompile Include="src\GraphicsManager.cpp" />
    <ClCompile Include="src\Grid.cpp" />
    <ClCompile Include="src\Guard.cpp" />
    <ClCompile Include="src\GuardMovement.cpp" />
    <ClCompile Include="src\ImageComponent.cpp" />
    <ClCompile Include="src\LevelEditor.cpp" />
    <ClCompile Include="src\InteractableComponent.cpp" />
    <ClCompile Include="src\Level_Demo.cpp" />
    <ClCompile Include="src\Main.cpp" />
    <ClCompile Include="src\MemoryManager.cpp" />
    <ClCompile Include="src\MovementManager.cpp" />
    <ClCompile Include="src\ObjectManager.cpp" />
    <ClCompile Include="src\Physics.cpp" />
    <ClCompile Include="src\ObserverTest.cpp" />
    <ClCompile Include="src\Player.cpp" />
    <ClCompile Include="src\PrimaryMovementController.cpp" />
    <ClCompile Include="src\ScriptManager.cpp" />
    <ClCompile Include="src\SecondaryMovementController.cpp" />
    <ClCompile Include="src\Subject.cpp" />
    <ClCompile Include="src\TagManager.cpp" />
    <ClCompile Include="src\TestScene.cpp" />
    <ClCompile Include="src\Utils.cpp" />
    <ClCompile Include="src\PathFinder.cpp" />
  </ItemGroup>
  <ItemGroup>
    <ClInclude Include="src\BasicMeshShape.h" />
    <ClInclude Include="src\AudioEngine.h" />
    <ClInclude Include="src\CameraComponent.h" />
    <ClInclude Include="src\Collider.h" />
    <ClInclude Include="src\CollisionComponent.h" />
    <ClInclude Include="src\CollisionManager.h" />
    <ClInclude Include="src\CollisionTest.h" />
    <ClInclude Include="src\Component.h" />
    <ClInclude Include="src\constants.h" />
    <ClInclude Include="src\DragComponent.h" />
    <ClInclude Include="src\Event.h" />
    <ClInclude Include="src\EventTest.h" />
    <ClInclude Include="src\GameObject.h" />
    <ClInclude Include="src\GameStateManager.h" />
    <ClInclude Include="src\GraphicsManager.h" />
    <ClInclude Include="src\Guard.h" />
    <ClInclude Include="src\GuardMovement.h" />
    <ClInclude Include="src\ImageComponent.h" />
    <ClInclude Include="src\LevelEditor.h" />
    <ClInclude Include="src\InteractableComponent.h" />
    <ClInclude Include="src\Level_Demo.h" />
    <ClInclude Include="src\MemoryManager.h" />
    <ClInclude Include="src\Message.h" />
    <ClInclude Include="src\MessageBus.h" />
    <ClInclude Include="src\MovementManager.h" />
    <ClInclude Include="src\Grid.h" />
    <ClInclude Include="src\ObjectManager.h" />
    <ClInclude Include="src\Physics.h" />
    <ClInclude Include="src\Observer.h" />
    <ClInclude Include="src\ObserverTest.h" />
    <ClInclude Include="src\Player.h" />
    <ClInclude Include="src\PrimaryMovementController.h" />
    <ClInclude Include="src\ScriptComponent.h" />
    <ClInclude Include="src\ScriptManager.h" />
    <ClInclude Include="src\SecondaryMovementController.h" />
    <ClInclude Include="src\Sprite.h" />
    <ClInclude Include="src\State.h" />
    <ClInclude Include="src\Subject.h" />
    <ClInclude Include="src\TagManager.h" />
    <ClInclude Include="src\TestScene.h" />
    <ClInclude Include="src\Transform.h" />
    <ClInclude Include="src\Utils.h" />
    <ClInclude Include="src\PathFinder.h" />
  </ItemGroup>
  <ItemGroup>
    <Image Include="Resources\boi.png" />
    <Image Include="Resources\grass.png" />
    <Image Include="Resources\PlanetTexture.png" />
    <Image Include="Resources\YellowTexture.png" />
  </ItemGroup>
  <ItemGroup>
    <Font Include="Resources\Roboto-Regular.ttf" />
  </ItemGroup>
</Project>