<?xml version="1.0" encoding="utf-8"?>
<Project ToolsVersion="4.0" xmlns="http://schemas.microsoft.com/developer/msbuild/2003">
  <ItemGroup>
    <Filter Include="Source Files">
      <UniqueIdentifier>{4FC737F1-C7A5-4376-A066-2A32D752A2FF}</UniqueIdentifier>
      <Extensions>cpp;c;cc;cxx;c++;cppm;ixx;def;odl;idl;hpj;bat;asm;asmx</Extensions>
    </Filter>
    <Filter Include="Header Files">
      <UniqueIdentifier>{93995380-89BD-4b04-88EB-625FBE52EBFB}</UniqueIdentifier>
      <Extensions>h;hh;hpp;hxx;h++;hm;inl;inc;ipp;xsd</Extensions>
    </Filter>
    <Filter Include="Resource Files">
      <UniqueIdentifier>{67DA6AB6-F800-4c08-8B7A-83BB121AAD01}</UniqueIdentifier>
      <Extensions>rc;ico;cur;bmp;dlg;rc2;rct;bin;rgs;gif;jpg;jpeg;jpe;resx;tiff;tif;png;wav;mfcribbon-ms</Extensions>
    </Filter>
    <Filter Include="Source Files\Scenes">
      <UniqueIdentifier>{addfafb2-18e5-4132-b45f-5b9285b9ecdf}</UniqueIdentifier>
    </Filter>
    <Filter Include="Source Files\Engine">
      <UniqueIdentifier>{86efb461-fbf6-433a-92c0-0b6cf9f4cef6}</UniqueIdentifier>
    </Filter>
    <Filter Include="Header Files\Engine">
      <UniqueIdentifier>{919ce974-0b8d-4ca0-9ac8-addd9be2c69a}</UniqueIdentifier>
    </Filter>
    <Filter Include="Header Files\Scenes">
      <UniqueIdentifier>{fac28e8e-a1bb-4e89-8e40-f696d1a83622}</UniqueIdentifier>
    </Filter>
    <Filter Include="Header Files\Globals">
      <UniqueIdentifier>{285b043f-92f7-44a7-bbc2-b3ced2c25486}</UniqueIdentifier>
    </Filter>
    <Filter Include="Header Files\Scripts">
      <UniqueIdentifier>{0c670ba9-5ddf-4ad4-902e-30491bcc6d16}</UniqueIdentifier>
    </Filter>
    <Filter Include="Source Files\Scripts">
      <UniqueIdentifier>{f514aaee-ed47-4040-bd75-b4b30dabe706}</UniqueIdentifier>
    </Filter>
    <Filter Include="Source Files\Engine\Collision">
      <UniqueIdentifier>{a4d6c554-6f98-4579-b44d-097a891a663e}</UniqueIdentifier>
    </Filter>
    <Filter Include="Header Files\Engine\Collision">
      <UniqueIdentifier>{9d8ec4f6-9b06-4139-a57a-95b5d1096d24}</UniqueIdentifier>
    </Filter>
    <Filter Include="Header Files\Engine\Game State">
      <UniqueIdentifier>{02327dd9-f1a5-492c-aa27-631955614f8a}</UniqueIdentifier>
    </Filter>
    <Filter Include="Header Files\Engine\Graphics">
      <UniqueIdentifier>{c8a2d45f-4663-43aa-8ecf-3a469c82a52e}</UniqueIdentifier>
    </Filter>
    <Filter Include="Header Files\Engine\Game Logic">
      <UniqueIdentifier>{3c83f27d-3d98-48d8-862c-977639f5bd57}</UniqueIdentifier>
    </Filter>
    <Filter Include="Source Files\Engine\Game Logic">
      <UniqueIdentifier>{5e72a275-7c5c-41ab-9d61-f04ddf71be5c}</UniqueIdentifier>
    </Filter>
    <Filter Include="Source Files\Engine\Game State">
      <UniqueIdentifier>{0e28c965-9bc3-4b0a-b283-3d32cdea9c22}</UniqueIdentifier>
    </Filter>
    <Filter Include="Source Files\Engine\Graphics">
      <UniqueIdentifier>{cd76ce61-9d72-4106-8afc-7ae05fdfbdca}</UniqueIdentifier>
    </Filter>
    <Filter Include="Source Files\Scripts\Testing">
      <UniqueIdentifier>{aed5af73-6747-4c96-a3d0-f944b2bdb769}</UniqueIdentifier>
    </Filter>
    <Filter Include="Header Files\Scripts\Testing">
      <UniqueIdentifier>{be99017c-a055-4c1c-8ef1-0499df5fa214}</UniqueIdentifier>
    </Filter>
    <Filter Include="Header Files\Tools">
      <UniqueIdentifier>{30161b69-e39a-417e-939e-5ca13637b658}</UniqueIdentifier>
    </Filter>
    <Filter Include="Header Files\Engine\Audio">
      <UniqueIdentifier>{b4d35a5e-b45f-4963-9407-d12237d64e56}</UniqueIdentifier>
    </Filter>
    <Filter Include="Source Files\Tools">
      <UniqueIdentifier>{23851eef-3b46-410f-a4d6-778bfc3f1fe7}</UniqueIdentifier>
    </Filter>
    <Filter Include="Header Files\Engine\Components">
      <UniqueIdentifier>{137efb71-189a-4c64-b445-f77773d50f41}</UniqueIdentifier>
    </Filter>
    <Filter Include="Source Files\Engine\Components">
      <UniqueIdentifier>{40c71447-9ded-4149-886d-9ff320faecc2}</UniqueIdentifier>
    </Filter>
    <Filter Include="Source Files\Engine\Audio">
      <UniqueIdentifier>{a2f3e8f9-449a-4427-a3f5-86204551bb7e}</UniqueIdentifier>
    </Filter>
    <Filter Include="Header Files\Deprecated">
      <UniqueIdentifier>{5c24f530-1d4e-4458-89c6-a6fe33b1fb30}</UniqueIdentifier>
    </Filter>
  </ItemGroup>
  <ItemGroup>
    <ClCompile Include="src\Main.cpp">
      <Filter>Source Files</Filter>
    </ClCompile>
    <ClCompile Include="src\CollisionManager.cpp">
      <Filter>Source Files</Filter>
    </ClCompile>
    </ClCompile>
    <ClCompile Include="src\TileManager.cpp">
      <Filter>Source Files</Filter>
    </ClCompile>
    <ClCompile Include="src\Level_Demo.cpp">
      <Filter>Source Files\Scenes</Filter>
    </ClCompile>
    <ClCompile Include="src\MemoryManager.cpp">
      <Filter>Source Files\Engine</Filter>
    </ClCompile>
    <ClCompile Include="src\ImageComponent.cpp">
      <Filter>Source Files\Engine\Components</Filter>
    </ClCompile>
    <ClCompile Include="src\DragComponent.cpp">
      <Filter>Source Files\Engine\Components</Filter>
    </ClCompile>
    <ClCompile Include="src\Utils.cpp">
      <Filter>Source Files\Engine</Filter>
    </ClCompile>
    <ClCompile Include="src\Player.cpp">
      <Filter>Source Files\Scripts</Filter>
    </ClCompile>
    <ClCompile Include="src\PrimaryMovementController.cpp">
      <Filter>Source Files\Scripts</Filter>
    </ClCompile>
    <ClCompile Include="src\SecondaryMovementController.cpp">
      <Filter>Source Files\Scripts</Filter>
    </ClCompile>
    <ClCompile Include="src\CameraComponent.cpp">
      <Filter>Source Files\Engine\Components</Filter>
    </ClCompile>
    <ClCompile Include="src\CollisionComponent.cpp">
      <Filter>Source Files\Engine\Components</Filter>
    </ClCompile>
    <ClCompile Include="src\Collider.cpp">
      <Filter>Source Files\Engine\Collision</Filter>
    </ClCompile>
    <ClCompile Include="src\ColliderAABB.cpp">
      <Filter>Source Files\Engine\Collision</Filter>
    </ClCompile>
    <ClCompile Include="src\CollisionManager.cpp">
      <Filter>Source Files\Engine\Collision</Filter>
    </ClCompile>
    <ClCompile Include="src\GameObject.cpp">
      <Filter>Source Files\Engine\Game Logic</Filter>
    </ClCompile>
    <ClCompile Include="src\GameStateManager.cpp">
      <Filter>Source Files\Engine\Game State</Filter>
    </ClCompile>
    <ClCompile Include="src\ObjectManager.cpp">
      <Filter>Source Files\Engine\Game Logic</Filter>
    </ClCompile>
    <ClCompile Include="src\GraphicsManager.cpp">
      <Filter>Source Files\Engine\Graphics</Filter>
    </ClCompile>
    <ClCompile Include="src\Subject.cpp">
      <Filter>Source Files\Engine\Game Logic</Filter>
    </ClCompile>
    <ClCompile Include="src\ScriptManager.cpp">
      <Filter>Source Files\Engine\Game Logic</Filter>
    </ClCompile>
    <ClCompile Include="src\TagManager.cpp">
      <Filter>Source Files\Engine\Game Logic</Filter>
    </ClCompile>
    <ClCompile Include="src\TestScene.cpp">
      <Filter>Source Files\Scenes</Filter>
    </ClCompile>
    <ClCompile Include="src\EventTest.cpp">
      <Filter>Source Files\Scripts\Testing</Filter>
    </ClCompile>
    <ClCompile Include="src\ObserverTest.cpp">
      <Filter>Source Files\Scripts\Testing</Filter>
    </ClCompile>
    <ClCompile Include="src\LevelEditor.cpp">
      <Filter>Source Files\Tools</Filter>
    </ClCompile>
    <ClCompile Include="src\AudioEngine.cpp">
      <Filter>Source Files\Engine\Audio</Filter>
    </ClCompile>
    <ClCompile Include="src\Guard.cpp">
      <Filter>Source Files\Scripts</Filter>
    </ClCompile>
    <ClCompile Include="src\GuardMovement.cpp">
      <Filter>Source Files\Scripts</Filter>
    </ClCompile>
    <ClCompile Include="src\InteractableComponent.cpp">
      <Filter>Source Files\Scripts</Filter>
    </ClCompile>
    <ClCompile Include="src\MovementManager.cpp">
      <Filter>Source Files\Scripts</Filter>
    </ClCompile>
    <ClCompile Include="src\BasicMeshShape.cpp">
      <Filter>Source Files</Filter>
    </ClCompile>
    <ClCompile Include="src\Physics.cpp">
      <Filter>Source Files</Filter>
    </ClCompile>
  </ItemGroup>
  <ItemGroup>
    <ClInclude Include="src\ImageComponent.h">
      <Filter>Header Files\Engine\Components</Filter>
    </ClInclude>
    <ClInclude Include="src\MemoryManager.h">
      <Filter>Header Files\Engine</Filter>
    </ClInclude>
    <ClInclude Include="src\Level_Demo.h">
      <Filter>Header Files\Scenes</Filter>
    </ClInclude>
    <ClInclude Include="src\Utils.h">
      <Filter>Header Files\Engine</Filter>
    </ClInclude>
    <ClInclude Include="src\ScriptComponent.h">
      <Filter>Header Files\Engine\Components</Filter>
    </ClInclude>
    <ClInclude Include="src\constants.h">
      <Filter>Header Files\Globals</Filter>
    </ClInclude>
    <ClInclude Include="src\Player.h">
      <Filter>Header Files\Scripts</Filter>
    </ClInclude>
    <ClInclude Include="src\PrimaryMovementController.h">
      <Filter>Header Files\Scripts</Filter>
    </ClInclude>
    <ClInclude Include="src\SecondaryMovementController.h">
      <Filter>Header Files\Scripts</Filter>
    </ClInclude>
    <ClInclude Include="src\Collider.h">
      <Filter>Header Files\Engine\Collision</Filter>
    </ClInclude>

    <ClInclude Include="src\CollisionManager.h">
      <Filter>Header Files</Filter>
    </ClInclude>
    <ClInclude Include="src\CollisionComponent.h">
      <Filter>Header Files\Engine\Collision</Filter>
    </ClInclude>
    <ClInclude Include="src\CollisionManager.h">
      <Filter>Header Files\Engine\Collision</Filter>
    </ClInclude>
    <ClInclude Include="src\CameraComponent.h">
      <Filter>Header Files\Engine\Components</Filter>
    </ClInclude>
    <ClInclude Include="src\Component.h">
      <Filter>Header Files\Engine\Game Logic</Filter>
    </ClInclude>
    <ClInclude Include="src\GameObject.h">
      <Filter>Header Files\Engine\Game Logic</Filter>
    </ClInclude>
    <ClInclude Include="src\ObjectManager.h">
      <Filter>Header Files\Engine\Game Logic</Filter>
    </ClInclude>
    <ClInclude Include="src\ScriptManager.h">
      <Filter>Header Files\Engine\Game Logic</Filter>
    </ClInclude>
    <ClInclude Include="src\State.h">
      <Filter>Header Files\Engine\Game State</Filter>
    </ClInclude>
    <ClInclude Include="src\GameStateManager.h">
      <Filter>Header Files\Engine\Game State</Filter>
    </ClInclude>
    <ClInclude Include="src\Transform.h">
      <Filter>Header Files\Engine\Game Logic</Filter>
    </ClInclude>
    <ClInclude Include="src\GraphicsManager.h">
      <Filter>Header Files\Engine\Graphics</Filter>
    </ClInclude>
    <ClInclude Include="src\Sprite.h">
      <Filter>Header Files\Engine\Graphics</Filter>
    </ClInclude>
    <ClInclude Include="src\TagManager.h">
      <Filter>Header Files\Engine\Game Logic</Filter>
    </ClInclude>
    <ClInclude Include="src\TestScene.h">
      <Filter>Header Files\Scenes</Filter>
    </ClInclude>
    <ClInclude Include="src\ObserverTest.h">
      <Filter>Header Files\Scripts\Testing</Filter>
    </ClInclude>
    <ClInclude Include="src\EventTest.h">
      <Filter>Header Files\Scripts\Testing</Filter>
    </ClInclude>
    <ClInclude Include="src\LevelEditor.h">
      <Filter>Header Files\Tools</Filter>
    </ClInclude>
    <ClInclude Include="src\AudioEngine.h">
      <Filter>Header Files\Engine\Audio</Filter>
    </ClInclude>
    <ClInclude Include="src\Guard.h">
      <Filter>Header Files\Scripts</Filter>
    </ClInclude>
    <ClInclude Include="src\GuardMovement.h">
      <Filter>Header Files\Scripts</Filter>
    </ClInclude>
    <ClInclude Include="src\InteractableComponent.h">
      <Filter>Header Files\Scripts</Filter>
    </ClInclude>
    <ClInclude Include="src\Event.h">
      <Filter>Header Files\Deprecated</Filter>
    </ClInclude>
    <ClInclude Include="src\Observer.h">
      <Filter>Header Files\Deprecated</Filter>
    </ClInclude>
    <ClInclude Include="src\Subject.h">
      <Filter>Header Files\Deprecated</Filter>
    </ClInclude>
    <ClInclude Include="src\Message.h">
      <Filter>Header Files\Engine\Game Logic</Filter>
    </ClInclude>
    <ClInclude Include="src\MessageBus.h">
      <Filter>Header Files\Engine\Game Logic</Filter>
    </ClInclude>
    <ClInclude Include="src\DragComponent.h">
      <Filter>Header Files\Deprecated</Filter>
    </ClInclude>
    <ClInclude Include="src\MovementManager.h">
      <Filter>Header Files\Scripts</Filter>
    </ClInclude>
    <ClInclude Include="src\CollisionTest.h">
      <Filter>Header Files</Filter>
    </ClInclude>
    <ClInclude Include="src\BasicMeshShape.h">
      <Filter>Header Files</Filter>
    </ClInclude>
    <ClInclude Include="src\Physics.h">
      <Filter>Header Files</Filter>
    </ClInclude>
  </ItemGroup>
  <ItemGroup>
    <Image Include="Resources\PlanetTexture.png">
      <Filter>Resource Files</Filter>
    </Image>
    <Image Include="Resources\YellowTexture.png">
      <Filter>Resource Files</Filter>
    </Image>
    <Image Include="Resources\boi.png">
      <Filter>Resource Files</Filter>
    </Image>
    <Image Include="Resources\grass.png">
      <Filter>Resource Files</Filter>
    </Image>
  </ItemGroup>
  <ItemGroup>
    <Font Include="Resources\Roboto-Regular.ttf">
      <Filter>Resource Files</Filter>
    </Font>
  </ItemGroup>
</Project>